dependencies:
  eil/esp_idf_lib_helpers:
    component_hash: eaee96f02db1bea59d369e53e46fd100331eb9d1d9726416cace4dd01f72698e
    dependencies:
    - name: idf
      require: private
      version: '>=4.3'
    source:
      registry_url: https://components.espressif.com
      type: service
    version: 1.2.1
  eil/i2cdev:
    component_hash: 320f24484a1678083133ca19c195ea58740c188dd590626980b1cf2032539aaa
    dependencies:
    - name: idf
      require: private
      version: '>=4.3'
    - name: eil/esp_idf_lib_helpers
      registry_url: https://components.espressif.com
      require: private
      version: '>=1.2.1'
    source:
      registry_url: https://components.espressif.com/
      type: service
    version: 1.5.1
  espressif/mdns:
    component_hash: af6306fe65d637a3683d1cf671508fcedd6b05f9ca029a8815abeab64001fb8d
    dependencies:
    - name: idf
      require: private
      version: '>=5.0'
    source:
      registry_url: https://components.espressif.com/
      type: service
    version: 1.4.0
  espressif/usb_host_cdc_acm:
    component_hash: f76e1283e7ef0e7970e8a708c4ee443ff0aa112572e25319d30b7ec555cc0aee
    dependencies:
    - name: idf
      require: private
      version: '>=4.4'
    source:
      registry_url: https://components.espressif.com/
      type: service
    version: 2.0.6
  espressif/usb_host_cp210x_vcp:
    component_hash: 6a36fd6179b2264a7d8854aa643d872f0d6408dd8f67a23d96e8cb8e49dfd087
    dependencies:
    - name: idf
      require: private
      version: '>=4.4'
    - name: espressif/usb_host_cdc_acm
      registry_url: https://components.espressif.com
      require: public
      version: '>=1.0.4,<3.0.0'
    source:
      registry_url: https://components.espressif.com/
      type: service
    version: 2.0.0
  espressif/usb_host_ftdi_vcp:
    component_hash: a24180724b8d7fdf01b920b6baebd01057d52d1a4ae5bf7ce009963cc24ebb42
    dependencies:
    - name: idf
      require: private
      version: '>=4.4'
    - name: espressif/usb_host_cdc_acm
      registry_url: https://components.espressif.com
      require: public
      version: ^2.0.0
    source:
      registry_url: https://components.espressif.com/
      type: service
    version: 2.0.0
  espressif/usb_host_vcp:
    component_hash: 99b3ad314fa966cb32970e468625672994e259c69c7c668d9c0a13d65993a0e7
    dependencies:
    - name: idf
      require: private
      version: '>=4.4'
    - name: espressif/usb_host_cdc_acm
      registry_url: https://components.espressif.com
      require: public
      version: '>=1.0.4,<3.0.0'
    source:
      registry_url: https://components.espressif.com/
      type: service
    version: 1.0.0~5
  idf:
    source:
      type: idf
    version: 5.4.1
  joltwallet/littlefs:
    component_hash: 34b8c56a14f10b440845fe972ce34ef41d1d205bcb139b3dfc58983a10abf59b
    dependencies:
    - name: idf
      require: private
      version: '>=5.0'
    source:
      registry_url: https://components.espressif.com/
      type: service
    version: 1.19.1
  meatpihq/usb_host_ch34x_vcp:
    component_hash: a448631fda325ce5f3f1b4bb4707c7cb075c6a4d71ff4026a22ef2191efc9af4
    dependencies:
    - name: espressif/usb_host_cdc_acm
      public: true
      version: '>=1.0.4,<3.0.0'
    - name: idf
      version: '>=4.4'
    source:
      git: https://github.com/meatpiHQ/esp-usb.git
      path: host/class/cdc/usb_host_ch34x_vcp
      type: git
    version: c80a574e26b4807816fdcb939218d143841b852c
direct_dependencies:
- eil/i2cdev
- espressif/mdns
- espressif/usb_host_cp210x_vcp
- espressif/usb_host_ftdi_vcp
- espressif/usb_host_vcp
- idf
- joltwallet/littlefs
- meatpihq/usb_host_ch34x_vcp
manifest_hash: 37edc9e97759e8dc802d62cb88b1f5a1eaeae46c6d98a73dafc6b101bcdac72e
target: esp32s3
version: 2.0.0
